// !$*UTF8*$!
{
	archiveVersion = 1;
	classes = {
	};
	objectVersion = 46;
	objects = {

/* Begin PBXBuildFile section */
		9676C7BB1A6DF18500F216F7 /* AppDelegate.swift in Sources */ = {isa = PBXBuildFile; fileRef = 9676C7BA1A6DF18500F216F7 /* AppDelegate.swift */; };
		9676C7BD1A6DF18500F216F7 /* ViewController.swift in Sources */ = {isa = PBXBuildFile; fileRef = 9676C7BC1A6DF18500F216F7 /* ViewController.swift */; };
		9676C7C01A6DF18500F216F7 /* Main.storyboard in Resources */ = {isa = PBXBuildFile; fileRef = 9676C7BE1A6DF18500F216F7 /* Main.storyboard */; };
		9676C7C21A6DF18500F216F7 /* Images.xcassets in Resources */ = {isa = PBXBuildFile; fileRef = 9676C7C11A6DF18500F216F7 /* Images.xcassets */; };
		9676C7C51A6DF18500F216F7 /* LaunchScreen.xib in Resources */ = {isa = PBXBuildFile; fileRef = 9676C7C31A6DF18500F216F7 /* LaunchScreen.xib */; };
		9676C7D11A6DF18500F216F7 /* Pitch_PerfectTests.swift in Sources */ = {isa = PBXBuildFile; fileRef = 9676C7D01A6DF18500F216F7 /* Pitch_PerfectTests.swift */; };
		9676C7DD1A6E081500F216F7 /* SoundPlayViewController.swift in Sources */ = {isa = PBXBuildFile; fileRef = 9676C7DC1A6E081500F216F7 /* SoundPlayViewController.swift */; };
		9676C7DF1A6E0B4E00F216F7 /* movie_quote.mp3 in Resources */ = {isa = PBXBuildFile; fileRef = 9676C7DE1A6E0B4E00F216F7 /* movie_quote.mp3 */; };
		9676C7E11A6F17E600F216F7 /* RecordAudio.swift in Sources */ = {isa = PBXBuildFile; fileRef = 9676C7E01A6F17E600F216F7 /* RecordAudio.swift */; };
/* End PBXBuildFile section */

/* Begin PBXContainerItemProxy section */
		9676C7CB1A6DF18500F216F7 /* PBXContainerItemProxy */ = {
			isa = PBXContainerItemProxy;
			containerPortal = 9676C7AD1A6DF18500F216F7 /* Project object */;
			proxyType = 1;
			remoteGlobalIDString = 9676C7B41A6DF18500F216F7;
			remoteInfo = "Pitch Perfect";
		};
/* End PBXContainerItemProxy section */

/* Begin PBXFileReference section */
		9676C7B51A6DF18500F216F7 /* Pitch Perfect.app */ = {isa = PBXFileReference; explicitFileType = wrapper.application; includeInIndex = 0; path = "Pitch Perfect.app"; sourceTree = BUILT_PRODUCTS_DIR; };
		9676C7B91A6DF18500F216F7 /* Info.plist */ = {isa = PBXFileReference; lastKnownFileType = text.plist.xml; path = Info.plist; sourceTree = "<group>"; };
		9676C7BA1A6DF18500F216F7 /* AppDelegate.swift */ = {isa = PBXFileReference; lastKnownFileType = sourcecode.swift; path = AppDelegate.swift; sourceTree = "<group>"; };
		9676C7BC1A6DF18500F216F7 /* ViewController.swift */ = {isa = PBXFileReference; lastKnownFileType = sourcecode.swift; path = ViewController.swift; sourceTree = "<group>"; };
		9676C7BF1A6DF18500F216F7 /* Base */ = {isa = PBXFileReference; lastKnownFileType = file.storyboard; name = Base; path = Base.lproj/Main.storyboard; sourceTree = "<group>"; };
		9676C7C11A6DF18500F216F7 /* Images.xcassets */ = {isa = PBXFileReference; lastKnownFileType = folder.assetcatalog; path = Images.xcassets; sourceTree = "<group>"; };
		9676C7C41A6DF18500F216F7 /* Base */ = {isa = PBXFileReference; lastKnownFileType = file.xib; name = Base; path = Base.lproj/LaunchScreen.xib; sourceTree = "<group>"; };
		9676C7CA1A6DF18500F216F7 /* Pitch PerfectTests.xctest */ = {isa = PBXFileReference; explicitFileType = wrapper.cfbundle; includeInIndex = 0; path = "Pitch PerfectTests.xctest"; sourceTree = BUILT_PRODUCTS_DIR; };
		9676C7CF1A6DF18500F216F7 /* Info.plist */ = {isa = PBXFileReference; lastKnownFileType = text.plist.xml; path = Info.plist; sourceTree = "<group>"; };
		9676C7D01A6DF18500F216F7 /* Pitch_PerfectTests.swift */ = {isa = PBXFileReference; lastKnownFileType = sourcecode.swift; path = Pitch_PerfectTests.swift; sourceTree = "<group>"; };
		9676C7DC1A6E081500F216F7 /* SoundPlayViewController.swift */ = {isa = PBXFileReference; fileEncoding = 4; lastKnownFileType = sourcecode.swift; path = SoundPlayViewController.swift; sourceTree = "<group>"; };
		9676C7DE1A6E0B4E00F216F7 /* movie_quote.mp3 */ = {isa = PBXFileReference; lastKnownFileType = audio.mp3; name = movie_quote.mp3; path = ../../../Desktop/movie_quote.mp3; sourceTree = "<group>"; };
		9676C7E01A6F17E600F216F7 /* RecordAudio.swift */ = {isa = PBXFileReference; fileEncoding = 4; lastKnownFileType = sourcecode.swift; path = RecordAudio.swift; sourceTree = "<group>"; };
/* End PBXFileReference section */

/* Begin PBXFrameworksBuildPhase section */
		9676C7B21A6DF18500F216F7 /* Frameworks */ = {
			isa = PBXFrameworksBuildPhase;
			buildActionMask = 2147483647;
			files = (
			);
			runOnlyForDeploymentPostprocessing = 0;
		};
		9676C7C71A6DF18500F216F7 /* Frameworks */ = {
			isa = PBXFrameworksBuildPhase;
			buildActionMask = 2147483647;
			files = (
			);
			runOnlyForDeploymentPostprocessing = 0;
		};
/* End PBXFrameworksBuildPhase section */

/* Begin PBXGroup section */
		9676C7AC1A6DF18500F216F7 = {
			isa = PBXGroup;
			children = (
				9676C7B71A6DF18500F216F7 /* Pitch Perfect */,
				9676C7CD1A6DF18500F216F7 /* Pitch PerfectTests */,
				9676C7B61A6DF18500F216F7 /* Products */,
			);
			sourceTree = "<group>";
		};
		9676C7B61A6DF18500F216F7 /* Products */ = {
			isa = PBXGroup;
			children = (
				9676C7B51A6DF18500F216F7 /* Pitch Perfect.app */,
				9676C7CA1A6DF18500F216F7 /* Pitch PerfectTests.xctest */,
			);
			name = Products;
			sourceTree = "<group>";
		};
		9676C7B71A6DF18500F216F7 /* Pitch Perfect */ = {
			isa = PBXGroup;
			children = (
				9676C7BA1A6DF18500F216F7 /* AppDelegate.swift */,
				9676C7DC1A6E081500F216F7 /* SoundPlayViewController.swift */,
				9676C7BC1A6DF18500F216F7 /* ViewController.swift */,
				9676C7BE1A6DF18500F216F7 /* Main.storyboard */,
				9676C7E01A6F17E600F216F7 /* RecordAudio.swift */,
				9676C7C11A6DF18500F216F7 /* Images.xcassets */,
				9676C7C31A6DF18500F216F7 /* LaunchScreen.xib */,
				9676C7B81A6DF18500F216F7 /* Supporting Files */,
			);
			path = "Pitch Perfect";
			sourceTree = "<group>";
		};
		9676C7B81A6DF18500F216F7 /* Supporting Files */ = {
			isa = PBXGroup;
			children = (
				9676C7B91A6DF18500F216F7 /* Info.plist */,
				9676C7DE1A6E0B4E00F216F7 /* movie_quote.mp3 */,
			);
			name = "Supporting Files";
			sourceTree = "<group>";
		};
		9676C7CD1A6DF18500F216F7 /* Pitch PerfectTests */ = {
			isa = PBXGroup;
			children = (
				9676C7D01A6DF18500F216F7 /* Pitch_PerfectTests.swift */,
				9676C7CE1A6DF18500F216F7 /* Supporting Files */,
			);
			path = "Pitch PerfectTests";
			sourceTree = "<group>";
		};
		9676C7CE1A6DF18500F216F7 /* Supporting Files */ = {
			isa = PBXGroup;
			children = (
				9676C7CF1A6DF18500F216F7 /* Info.plist */,
			);
			name = "Supporting Files";
			sourceTree = "<group>";
		};
/* End PBXGroup section */

/* Begin PBXNativeTarget section */
		9676C7B41A6DF18500F216F7 /* Pitch Perfect */ = {
			isa = PBXNativeTarget;
			buildConfigurationList = 9676C7D41A6DF18500F216F7 /* Build configuration list for PBXNativeTarget "Pitch Perfect" */;
			buildPhases = (
				9676C7B11A6DF18500F216F7 /* Sources */,
				9676C7B21A6DF18500F216F7 /* Frameworks */,
				9676C7B31A6DF18500F216F7 /* Resources */,
			);
			buildRules = (
			);
			dependencies = (
			);
			name = "Pitch Perfect";
			productName = "Pitch Perfect";
			productReference = 9676C7B51A6DF18500F216F7 /* Pitch Perfect.app */;
			productType = "com.apple.product-type.application";
		};
		9676C7C91A6DF18500F216F7 /* Pitch PerfectTests */ = {
			isa = PBXNativeTarget;
			buildConfigurationList = 9676C7D71A6DF18500F216F7 /* Build configuration list for PBXNativeTarget "Pitch PerfectTests" */;
			buildPhases = (
				9676C7C61A6DF18500F216F7 /* Sources */,
				9676C7C71A6DF18500F216F7 /* Frameworks */,
				9676C7C81A6DF18500F216F7 /* Resources */,
			);
			buildRules = (
			);
			dependencies = (
				9676C7CC1A6DF18500F216F7 /* PBXTargetDependency */,
			);
			name = "Pitch PerfectTests";
			productName = "Pitch PerfectTests";
			productReference = 9676C7CA1A6DF18500F216F7 /* Pitch PerfectTests.xctest */;
			productType = "com.apple.product-type.bundle.unit-test";
		};
/* End PBXNativeTarget section */

/* Begin PBXProject section */
		9676C7AD1A6DF18500F216F7 /* Project object */ = {
			isa = PBXProject;
			attributes = {
				LastUpgradeCheck = 0610;
				ORGANIZATIONNAME = TP;
				TargetAttributes = {
					9676C7B41A6DF18500F216F7 = {
						CreatedOnToolsVersion = 6.1.1;
					};
					9676C7C91A6DF18500F216F7 = {
						CreatedOnToolsVersion = 6.1.1;
						TestTargetID = 9676C7B41A6DF18500F216F7;
					};
				};
			};
			buildConfigurationList = 9676C7B01A6DF18500F216F7 /* Build configuration list for PBXProject "Pitch Perfect" */;
			compatibilityVersion = "Xcode 3.2";
			developmentRegion = English;
			hasScannedForEncodings = 0;
			knownRegions = (
				en,
				Base,
			);
			mainGroup = 9676C7AC1A6DF18500F216F7;
			productRefGroup = 9676C7B61A6DF18500F216F7 /* Products */;
			projectDirPath = "";
			projectRoot = "";
			targets = (
				9676C7B41A6DF18500F216F7 /* Pitch Perfect */,
				9676C7C91A6DF18500F216F7 /* Pitch PerfectTests */,
			);
		};
/* End PBXProject section */

/* Begin PBXResourcesBuildPhase section */
		9676C7B31A6DF18500F216F7 /* Resources */ = {
			isa = PBXResourcesBuildPhase;
			buildActionMask = 2147483647;
			files = (
				9676C7C01A6DF18500F216F7 /* Main.storyboard in Resources */,
				9676C7C51A6DF18500F216F7 /* LaunchScreen.xib in Resources */,
				9676C7DF1A6E0B4E00F216F7 /* movie_quote.mp3 in Resources */,
				9676C7C21A6DF18500F216F7 /* Images.xcassets in Resources */,
			);
			runOnlyForDeploymentPostprocessing = 0;
		};
		9676C7C81A6DF18500F216F7 /* Resources */ = {
			isa = PBXResourcesBuildPhase;
			buildActionMask = 2147483647;
			files = (
			);
			runOnlyForDeploymentPostprocessing = 0;
		};
/* End PBXResourcesBuildPhase section */

/* Begin PBXSourcesBuildPhase section */
		9676C7B11A6DF18500F216F7 /* Sources */ = {
			isa = PBXSourcesBuildPhase;
			buildActionMask = 2147483647;
			files = (
				9676C7BD1A6DF18500F216F7 /* ViewController.swift in Sources */,
				9676C7E11A6F17E600F216F7 /* RecordAudio.swift in Sources */,
				9676C7DD1A6E081500F216F7 /* SoundPlayViewController.swift in Sources */,
				9676C7BB1A6DF18500F216F7 /* AppDelegate.swift in Sources */,
			);
			runOnlyForDeploymentPostprocessing = 0;
		};
		9676C7C61A6DF18500F216F7 /* Sources */ = {
			isa = PBXSourcesBuildPhase;
			buildActionMask = 2147483647;
			files = (
				9676C7D11A6DF18500F216F7 /* Pitch_PerfectTests.swift in Sources */,
			);
			runOnlyForDeploymentPostprocessing = 0;
		};
/* End PBXSourcesBuildPhase section */

/* Begin PBXTargetDependency section */
		9676C7CC1A6DF18500F216F7 /* PBXTargetDependency */ = {
			isa = PBXTargetDependency;
			target = 9676C7B41A6DF18500F216F7 /* Pitch Perfect */;
			targetProxy = 9676C7CB1A6DF18500F216F7 /* PBXContainerItemProxy */;
		};
/* End PBXTargetDependency section */

/* Begin PBXVariantGroup section */
		9676C7BE1A6DF18500F216F7 /* Main.storyboard */ = {
			isa = PBXVariantGroup;
			children = (
				9676C7BF1A6DF18500F216F7 /* Base */,
			);
			name = Main.storyboard;
			sourceTree = "<group>";
		};
		9676C7C31A6DF18500F216F7 /* LaunchScreen.xib */ = {
			isa = PBXVariantGroup;
			children = (
				9676C7C41A6DF18500F216F7 /* Base */,
			);
			name = LaunchScreen.xib;
			sourceTree = "<group>";
		};
/* End PBXVariantGroup section */

/* Begin XCBuildConfiguration section */
		9676C7D21A6DF18500F216F7 /* Debug */ = {
			isa = XCBuildConfiguration;
			buildSettings = {
				ALWAYS_SEARCH_USER_PATHS = NO;
				CLANG_CXX_LANGUAGE_STANDARD = "gnu++0x";
				CLANG_CXX_LIBRARY = "libc++";
				CLANG_ENABLE_MODULES = YES;
				CLANG_ENABLE_OBJC_ARC = YES;
				CLANG_WARN_BOOL_CONVERSION = YES;
				CLANG_WARN_CONSTANT_CONVERSION = YES;
				CLANG_WARN_DIRECT_OBJC_ISA_USAGE = YES_ERROR;
				CLANG_WARN_EMPTY_BODY = YES;
				CLANG_WARN_ENUM_CONVERSION = YES;
				CLANG_WARN_INT_CONVERSION = YES;
				CLANG_WARN_OBJC_ROOT_CLASS = YES_ERROR;
				CLANG_WARN_UNREACHABLE_CODE = YES;
				CLANG_WARN__DUPLICATE_METHOD_MATCH = YES;
				"CODE_SIGN_IDENTITY[sdk=iphoneos*]" = "iPhone Developer";
				COPY_PHASE_STRIP = NO;
				ENABLE_STRICT_OBJC_MSGSEND = YES;
				GCC_C_LANGUAGE_STANDARD = gnu99;
				GCC_DYNAMIC_NO_PIC = NO;
				GCC_OPTIMIZATION_LEVEL = 0;
				GCC_PREPROCESSOR_DEFINITIONS = (
					"DEBUG=1",
					"$(inherited)",
				);
				GCC_SYMBOLS_PRIVATE_EXTERN = NO;
				GCC_WARN_64_TO_32_BIT_CONVERSION = YES;
				GCC_WARN_ABOUT_RETURN_TYPE = YES_ERROR;
				GCC_WARN_UNDECLARED_SELECTOR = YES;
				GCC_WARN_UNINITIALIZED_AUTOS = YES_AGGRESSIVE;
				GCC_WARN_UNUSED_FUNCTION = YES;
				GCC_WARN_UNUSED_VARIABLE = YES;
				IPHONEOS_DEPLOYMENT_TARGET = 8.1;
				MTL_ENABLE_DEBUG_INFO = YES;
				ONLY_ACTIVE_ARCH = YES;
				SDKROOT = iphoneos;
				SWIFT_OPTIMIZATION_LEVEL = "-Onone";
			};
			name = Debug;
		};
		9676C7D31A6DF18500F216F7 /* Release */ = {
			isa = XCBuildConfiguration;
			buildSettings = {
				ALWAYS_SEARCH_USER_PATHS = NO;
				CLANG_CXX_LANGUAGE_STANDARD = "gnu++0x";
				CLANG_CXX_LIBRARY = "libc++";
				CLANG_ENABLE_MODULES = YES;
				CLANG_ENABLE_OBJC_ARC = YES;
				CLANG_WARN_BOOL_CONVERSION = YES;
				CLANG_WARN_CONSTANT_CONVERSION = YES;
				CLANG_WARN_DIRECT_OBJC_ISA_USAGE = YES_ERROR;
				CLANG_WARN_EMPTY_BODY = YES;
				CLANG_WARN_ENUM_CONVERSION = YES;
				CLANG_WARN_INT_CONVERSION = YES;
				CLANG_WARN_OBJC_ROOT_CLASS = YES_ERROR;
				CLANG_WARN_UNREACHABLE_CODE = YES;
				CLANG_WARN__DUPLICATE_METHOD_MATCH = YES;
				"CODE_SIGN_IDENTITY[sdk=iphoneos*]" = "iPhone Developer";
				COPY_PHASE_STRIP = YES;
				ENABLE_NS_ASSERTIONS = NO;
				ENABLE_STRICT_OBJC_MSGSEND = YES;
				GCC_C_LANGUAGE_STANDARD = gnu99;
				GCC_WARN_64_TO_32_BIT_CONVERSION = YES;
				GCC_WARN_ABOUT_RETURN_TYPE = YES_ERROR;
				GCC_WARN_UNDECLARED_SELECTOR = YES;
				GCC_WARN_UNINITIALIZED_AUTOS = YES_AGGRESSIVE;
				GCC_WARN_UNUSED_FUNCTION = YES;
				GCC_WARN_UNUSED_VARIABLE = YES;
				IPHONEOS_DEPLOYMENT_TARGET = 8.1;
				MTL_ENABLE_DEBUG_INFO = NO;
				SDKROOT = iphoneos;
				VALIDATE_PRODUCT = YES;
			};
			name = Release;
		};
		9676C7D51A6DF18500F216F7 /* Debug */ = {
			isa = XCBuildConfiguration;
			buildSettings = {
				INFOPLIST_FILE = "Pitch Perfect/Info.plist";
				LD_RUNPATH_SEARCH_PATHS = "$(inherited) @executable_path/Frameworks";
				PRODUCT_NAME = "$(TARGET_NAME)";
				TARGETED_DEVICE_FAMILY = 1;
			};
			name = Debug;
		};
		9676C7D61A6DF18500F216F7 /* Release */ = {
			isa = XCBuildConfiguration;
			buildSettings = {
				INFOPLIST_FILE = "Pitch Perfect/Info.plist";
				LD_RUNPATH_SEARCH_PATHS = "$(inherited) @executable_path/Frameworks";
				PRODUCT_NAME = "$(TARGET_NAME)";
				TARGETED_DEVICE_FAMILY = 1;
			};
			name = Release;
		};
		9676C7D81A6DF18500F216F7 /* Debug */ = {
			isa = XCBuildConfiguration;
			buildSettings = {
				BUNDLE_LOADER = "$(TEST_HOST)";
				FRAMEWORK_SEARCH_PATHS = (
					"$(SDKROOT)/Developer/Library/Frameworks",
					"$(inherited)",
				);
				GCC_PREPROCESSOR_DEFINITIONS = (
					"DEBUG=1",
					"$(inherited)",
				);
				INFOPLIST_FILE = "Pitch PerfectTests/Info.plist";
				LD_RUNPATH_SEARCH_PATHS = "$(inherited) @executable_path/Frameworks @loader_path/Frameworks";
				PRODUCT_NAME = "$(TARGET_NAME)";
				TEST_HOST = "$(BUILT_PRODUCTS_DIR)/Pitch Perfect.app/Pitch Perfect";
			};
			name = Debug;
		};
		9676C7D91A6DF18500F216F7 /* Release */ = {
			isa = XCBuildConfiguration;
			buildSettings = {
				BUNDLE_LOADER = "$(TEST_HOST)";
				FRAMEWORK_SEARCH_PATHS = (
					"$(SDKROOT)/Developer/Library/Frameworks",
					"$(inherited)",
				);
				INFOPLIST_FILE = "Pitch PerfectTests/Info.plist";
				LD_RUNPATH_SEARCH_PATHS = "$(inherited) @executable_path/Frameworks @loader_path/Frameworks";
				PRODUCT_NAME = "$(TARGET_NAME)";
				TEST_HOST = "$(BUILT_PRODUCTS_DIR)/Pitch Perfect.app/Pitch Perfect";
			};
			name = Release;
		};
/* End XCBuildConfiguration section */

/* Begin XCConfigurationList section */
		9676C7B01A6DF18500F216F7 /* Build configuration list for PBXProject "Pitch Perfect" */ = {
			isa = XCConfigurationList;
			buildConfigurations = (
				9676C7D21A6DF18500F216F7 /* Debug */,
				9676C7D31A6DF18500F216F7 /* Release */,
			);
			defaultConfigurationIsVisible = 0;
			defaultConfigurationName = Release;
		};
		9676C7D41A6DF18500F216F7 /* Build configuration list for PBXNativeTarget "Pitch Perfect" */ = {
			isa = XCConfigurationList;
			buildConfigurations = (
				9676C7D51A6DF18500F216F7 /* Debug */,
				9676C7D61A6DF18500F216F7 /* Release */,
			);
			defaultConfigurationIsVisible = 0;
			defaultConfigurationName = Release;
		};
		9676C7D71A6DF18500F216F7 /* Build configuration list for PBXNativeTarget "Pitch PerfectTests" */ = {
			isa = XCConfigurationList;
			buildConfigurations = (
				9676C7D81A6DF18500F216F7 /* Debug */,
				9676C7D91A6DF18500F216F7 /* Release */,
			);
			defaultConfigurationIsVisible = 0;
			defaultConfigurationName = Release;
		};
/* End XCConfigurationList section */
	};
	rootObject = 9676C7AD1A6DF18500F216F7 /* Project object */;
}
